
Microsoft Visual Studio Solution File, Format Version 12.00
# Visual Studio Version 17
VisualStudioVersion = 17.9.34728.123
MinimumVisualStudioVersion = 10.0.40219.1
Project("{FAE04EC0-301F-11D3-BF4B-00C04F79EFBC}") = "DomashneeZadanie", "DomashneeZadanie\DomashneeZadanie.csproj", "{96F54E9B-1E20-4B98-970A-9F9973FB7445}"
EndProject
Global
	GlobalSection(SolutionConfigurationPlatforms) = preSolution
		Debug|Any CPU = Debug|Any CPU
		Release|Any CPU = Release|Any CPU
	EndGlobalSection
	GlobalSection(ProjectConfigurationPlatforms) = postSolution
		{96F54E9B-1E20-4B98-970A-9F9973FB7445}.Debug|Any CPU.ActiveCfg = Debug|Any CPU
		{96F54E9B-1E20-4B98-970A-9F9973FB7445}.Debug|Any CPU.Build.0 = Debug|Any CPU
		{96F54E9B-1E20-4B98-970A-9F9973FB7445}.Release|Any CPU.ActiveCfg = Release|Any CPU
		{96F54E9B-1E20-4B98-970A-9F9973FB7445}.Release|Any CPU.Build.0 = Release|Any CPU
	EndGlobalSection
	GlobalSection(SolutionProperties) = preSolution
		HideSolutionNode = FALSE
	EndGlobalSection
	GlobalSection(ExtensibilityGlobals) = postSolution
		SolutionGuid = {ACBFB98A-FCA0-4FD9-9B2D-78B68055C882}
	EndGlobalSection
EndGlobal
